
Microsoft Visual Studio Solution File, Format Version 9.00
# Visual Studio 2005
Project("{FAE04EC0-301F-11D3-BF4B-00C04F79EFBC}") = "Splicer", "Splicer\Splicer.csproj", "{77C46D9D-1BC1-4CAF-87CF-9242721066EF}"
EndProject
Project("{FAE04EC0-301F-11D3-BF4B-00C04F79EFBC}") = "Splicer.Tests", "Splicer.Tests\Splicer.Tests.csproj", "{642F2739-7D12-4532-9153-15EC7A0CB3B4}"
EndProject
Project("{FAE04EC0-301F-11D3-BF4B-00C04F79EFBC}") = "Splicer.Contrib", "Splicer.Contrib\Splicer.Contrib.csproj", "{4DE8D46C-1974-4D80-B71D-0683E66AD9E2}"
EndProject
Project("{2150E333-8FDC-42A3-9474-1A3956D46DE8}") = "Solution Items", "Solution Items", "{005F133D-2FED-433F-9B29-1D351795816B}"
	ProjectSection(SolutionItems) = preProject
		ASL - Apache Software Foundation License.txt = ASL - Apache Software Foundation License.txt
		GlobalAssemblyInfo.cs = GlobalAssemblyInfo.cs
	EndProjectSection
EndProject
Project("{2150E333-8FDC-42A3-9474-1A3956D46DE8}") = "Libraries", "Libraries", "{D71D9ECC-A5A2-48E1-B1F3-B40CBB3C25E6}"
	ProjectSection(SolutionItems) = preProject
		Libs\DirectShowLib-2005.dll = Libs\DirectShowLib-2005.dll
		Libs\DirectShowLib-2005.pdb = Libs\DirectShowLib-2005.pdb
		Libs\nunit.framework.dll = Libs\nunit.framework.dll
	EndProjectSection
EndProject
Global
	GlobalSection(TeamFoundationVersionControl) = preSolution
		SccNumberOfProjects = 4
		SccEnterpriseProvider = {4CA58AB2-18FA-4F8D-95D4-32DDF27D184C}
		SccTeamFoundationServer = https://tfs01.codeplex.com/
		SccLocalPath0 = .
		SccProjectUniqueName1 = Splicer.Contrib\\Splicer.Contrib.csproj
		SccProjectName1 = Splicer.Contrib
		SccLocalPath1 = Splicer.Contrib
		SccProjectUniqueName2 = Splicer.Tests\\Splicer.Tests.csproj
		SccProjectName2 = Splicer.Tests
		SccLocalPath2 = Splicer.Tests
		SccProjectUniqueName3 = Splicer\\Splicer.csproj
		SccProjectName3 = Splicer
		SccLocalPath3 = Splicer
	EndGlobalSection
	GlobalSection(SolutionConfigurationPlatforms) = preSolution
		Debug|Any CPU = Debug|Any CPU
		Release|Any CPU = Release|Any CPU
	EndGlobalSection
	GlobalSection(ProjectConfigurationPlatforms) = postSolution
		{77C46D9D-1BC1-4CAF-87CF-9242721066EF}.Debug|Any CPU.ActiveCfg = Debug|Any CPU
		{77C46D9D-1BC1-4CAF-87CF-9242721066EF}.Debug|Any CPU.Build.0 = Debug|Any CPU
		{77C46D9D-1BC1-4CAF-87CF-9242721066EF}.Release|Any CPU.ActiveCfg = Release|Any CPU
		{77C46D9D-1BC1-4CAF-87CF-9242721066EF}.Release|Any CPU.Build.0 = Release|Any CPU
		{642F2739-7D12-4532-9153-15EC7A0CB3B4}.Debug|Any CPU.ActiveCfg = Debug|Any CPU
		{642F2739-7D12-4532-9153-15EC7A0CB3B4}.Debug|Any CPU.Build.0 = Debug|Any CPU
		{642F2739-7D12-4532-9153-15EC7A0CB3B4}.Release|Any CPU.ActiveCfg = Release|Any CPU
		{642F2739-7D12-4532-9153-15EC7A0CB3B4}.Release|Any CPU.Build.0 = Release|Any CPU
		{4DE8D46C-1974-4D80-B71D-0683E66AD9E2}.Debug|Any CPU.ActiveCfg = Debug|Any CPU
		{4DE8D46C-1974-4D80-B71D-0683E66AD9E2}.Debug|Any CPU.Build.0 = Debug|Any CPU
		{4DE8D46C-1974-4D80-B71D-0683E66AD9E2}.Release|Any CPU.ActiveCfg = Release|Any CPU
		{4DE8D46C-1974-4D80-B71D-0683E66AD9E2}.Release|Any CPU.Build.0 = Release|Any CPU
	EndGlobalSection
	GlobalSection(SolutionProperties) = preSolution
		HideSolutionNode = FALSE
	EndGlobalSection
EndGlobal
