
Microsoft Visual Studio Solution File, Format Version 12.00
# Visual Studio 15
VisualStudioVersion = 15.0.28307.168
MinimumVisualStudioVersion = 10.0.40219.1
Project("{2150E333-8FDC-42A3-9474-1A3956D46DE8}") = "Solution Items", "Solution Items", "{005F133D-2FED-433F-9B29-1D351795816B}"
	ProjectSection(SolutionItems) = preProject
		ASL - Apache Software Foundation License.txt = ASL - Apache Software Foundation License.txt
		GlobalAssemblyInfo.cs = GlobalAssemblyInfo.cs
		Readme.txt = Readme.txt
		Splicer\splicer.FxCop = Splicer\splicer.FxCop
		Splicer.snk = Splicer.snk
	EndProjectSection
EndProject
Project("{2150E333-8FDC-42A3-9474-1A3956D46DE8}") = "Libraries", "Libraries", "{D71D9ECC-A5A2-48E1-B1F3-B40CBB3C25E6}"
	ProjectSection(SolutionItems) = preProject
		Libs\DirectShowLib-2005.dll = Libs\DirectShowLib-2005.dll
		Libs\DirectShowLib-2005.pdb = Libs\DirectShowLib-2005.pdb
	EndProjectSection
EndProject
Project("{FAE04EC0-301F-11D3-BF4B-00C04F79EFBC}") = "Splicer", "Splicer\Splicer.csproj", "{77C46D9D-1BC1-4CAF-87CF-9242721066EF}"
	ProjectSection(ProjectDependencies) = postProject
		{9741C328-0EDA-4C80-B8C5-1A7E9430ADFE} = {9741C328-0EDA-4C80-B8C5-1A7E9430ADFE}
	EndProjectSection
EndProject
Project("{FAE04EC0-301F-11D3-BF4B-00C04F79EFBC}") = "Splicer.Contrib", "Splicer.Contrib\Splicer.Contrib.csproj", "{4DE8D46C-1974-4D80-B71D-0683E66AD9E2}"
EndProject
Project("{8BC9CEB8-8B4A-11D0-8D11-00A0C91BC942}") = "BaseClasses", "Win7Sample\BaseClasses\baseclasses.vcxproj", "{E8A3F6FA-AE1C-4C8E-A0B6-9C8480324EAA}"
EndProject
Project("{8BC9CEB8-8B4A-11D0-8D11-00A0C91BC942}") = "WavDest", "Win7Sample\WavDest\WavDest.vcxproj", "{9741C328-0EDA-4C80-B8C5-1A7E9430ADFE}"
EndProject
Project("{2150E333-8FDC-42A3-9474-1A3956D46DE8}") = "Win7Sample", "Win7Sample", "{A530DD35-1E15-48C6-91EA-9A8879523C15}"
EndProject
Project("{FAE04EC0-301F-11D3-BF4B-00C04F79EFBC}") = "Splicer.Tests", "Splicer.Tests\Splicer.Tests.csproj", "{81E82933-FA0E-4ABA-8547-FC3F666F5BD2}"
EndProject
Global
	GlobalSection(SolutionConfigurationPlatforms) = preSolution
		Debug_MBCS|Any CPU = Debug_MBCS|Any CPU
		Debug_MBCS|Win32 = Debug_MBCS|Win32
		Debug_MBCS|x64 = Debug_MBCS|x64
		Debug_MBCS|x86 = Debug_MBCS|x86
		Debug|Any CPU = Debug|Any CPU
		Debug|Win32 = Debug|Win32
		Debug|x64 = Debug|x64
		Debug|x86 = Debug|x86
		Debug-Unsigned|Any CPU = Debug-Unsigned|Any CPU
		Debug-Unsigned|Win32 = Debug-Unsigned|Win32
		Debug-Unsigned|x64 = Debug-Unsigned|x64
		Debug-Unsigned|x86 = Debug-Unsigned|x86
		Release_MBCS|Any CPU = Release_MBCS|Any CPU
		Release_MBCS|Win32 = Release_MBCS|Win32
		Release_MBCS|x64 = Release_MBCS|x64
		Release_MBCS|x86 = Release_MBCS|x86
		Release|Any CPU = Release|Any CPU
		Release|Win32 = Release|Win32
		Release|x64 = Release|x64
		Release|x86 = Release|x86
	EndGlobalSection
	GlobalSection(ProjectConfigurationPlatforms) = postSolution
		{77C46D9D-1BC1-4CAF-87CF-9242721066EF}.Debug_MBCS|Any CPU.ActiveCfg = Debug-Signed|Any CPU
		{77C46D9D-1BC1-4CAF-87CF-9242721066EF}.Debug_MBCS|Any CPU.Build.0 = Debug-Signed|Any CPU
		{77C46D9D-1BC1-4CAF-87CF-9242721066EF}.Debug_MBCS|Win32.ActiveCfg = Debug-Signed|x86
		{77C46D9D-1BC1-4CAF-87CF-9242721066EF}.Debug_MBCS|Win32.Build.0 = Debug-Signed|x86
		{77C46D9D-1BC1-4CAF-87CF-9242721066EF}.Debug_MBCS|x64.ActiveCfg = Debug-Signed|Any CPU
		{77C46D9D-1BC1-4CAF-87CF-9242721066EF}.Debug_MBCS|x64.Build.0 = Debug-Signed|Any CPU
		{77C46D9D-1BC1-4CAF-87CF-9242721066EF}.Debug_MBCS|x86.ActiveCfg = Debug-Signed|x86
		{77C46D9D-1BC1-4CAF-87CF-9242721066EF}.Debug_MBCS|x86.Build.0 = Debug-Signed|x86
		{77C46D9D-1BC1-4CAF-87CF-9242721066EF}.Debug|Any CPU.ActiveCfg = Debug|Any CPU
		{77C46D9D-1BC1-4CAF-87CF-9242721066EF}.Debug|Any CPU.Build.0 = Debug|Any CPU
		{77C46D9D-1BC1-4CAF-87CF-9242721066EF}.Debug|Win32.ActiveCfg = Debug|x86
		{77C46D9D-1BC1-4CAF-87CF-9242721066EF}.Debug|Win32.Build.0 = Debug|x86
		{77C46D9D-1BC1-4CAF-87CF-9242721066EF}.Debug|x64.ActiveCfg = Debug|Any CPU
		{77C46D9D-1BC1-4CAF-87CF-9242721066EF}.Debug|x64.Build.0 = Debug|Any CPU
		{77C46D9D-1BC1-4CAF-87CF-9242721066EF}.Debug|x86.ActiveCfg = Debug|x86
		{77C46D9D-1BC1-4CAF-87CF-9242721066EF}.Debug|x86.Build.0 = Debug|x86
		{77C46D9D-1BC1-4CAF-87CF-9242721066EF}.Debug-Unsigned|Any CPU.ActiveCfg = Debug-Signed|Any CPU
		{77C46D9D-1BC1-4CAF-87CF-9242721066EF}.Debug-Unsigned|Any CPU.Build.0 = Debug-Signed|Any CPU
		{77C46D9D-1BC1-4CAF-87CF-9242721066EF}.Debug-Unsigned|Win32.ActiveCfg = Debug-Signed|x86
		{77C46D9D-1BC1-4CAF-87CF-9242721066EF}.Debug-Unsigned|Win32.Build.0 = Debug-Signed|x86
		{77C46D9D-1BC1-4CAF-87CF-9242721066EF}.Debug-Unsigned|x64.ActiveCfg = Debug-Signed|Any CPU
		{77C46D9D-1BC1-4CAF-87CF-9242721066EF}.Debug-Unsigned|x64.Build.0 = Debug-Signed|Any CPU
		{77C46D9D-1BC1-4CAF-87CF-9242721066EF}.Debug-Unsigned|x86.ActiveCfg = Debug-Signed|x86
		{77C46D9D-1BC1-4CAF-87CF-9242721066EF}.Debug-Unsigned|x86.Build.0 = Debug-Signed|x86
		{77C46D9D-1BC1-4CAF-87CF-9242721066EF}.Release_MBCS|Any CPU.ActiveCfg = Release|Any CPU
		{77C46D9D-1BC1-4CAF-87CF-9242721066EF}.Release_MBCS|Any CPU.Build.0 = Release|Any CPU
		{77C46D9D-1BC1-4CAF-87CF-9242721066EF}.Release_MBCS|Win32.ActiveCfg = Release|x86
		{77C46D9D-1BC1-4CAF-87CF-9242721066EF}.Release_MBCS|Win32.Build.0 = Release|x86
		{77C46D9D-1BC1-4CAF-87CF-9242721066EF}.Release_MBCS|x64.ActiveCfg = Release|Any CPU
		{77C46D9D-1BC1-4CAF-87CF-9242721066EF}.Release_MBCS|x64.Build.0 = Release|Any CPU
		{77C46D9D-1BC1-4CAF-87CF-9242721066EF}.Release_MBCS|x86.ActiveCfg = Release|x86
		{77C46D9D-1BC1-4CAF-87CF-9242721066EF}.Release_MBCS|x86.Build.0 = Release|x86
		{77C46D9D-1BC1-4CAF-87CF-9242721066EF}.Release|Any CPU.ActiveCfg = Release|Any CPU
		{77C46D9D-1BC1-4CAF-87CF-9242721066EF}.Release|Any CPU.Build.0 = Release|Any CPU
		{77C46D9D-1BC1-4CAF-87CF-9242721066EF}.Release|Win32.ActiveCfg = Release|x86
		{77C46D9D-1BC1-4CAF-87CF-9242721066EF}.Release|Win32.Build.0 = Release|x86
		{77C46D9D-1BC1-4CAF-87CF-9242721066EF}.Release|x64.ActiveCfg = Release|Any CPU
		{77C46D9D-1BC1-4CAF-87CF-9242721066EF}.Release|x64.Build.0 = Release|Any CPU
		{77C46D9D-1BC1-4CAF-87CF-9242721066EF}.Release|x86.ActiveCfg = Release|x86
		{77C46D9D-1BC1-4CAF-87CF-9242721066EF}.Release|x86.Build.0 = Release|x86
		{4DE8D46C-1974-4D80-B71D-0683E66AD9E2}.Debug_MBCS|Any CPU.ActiveCfg = Debug-Signed|Any CPU
		{4DE8D46C-1974-4D80-B71D-0683E66AD9E2}.Debug_MBCS|Any CPU.Build.0 = Debug-Signed|Any CPU
		{4DE8D46C-1974-4D80-B71D-0683E66AD9E2}.Debug_MBCS|Win32.ActiveCfg = Debug-Signed|x86
		{4DE8D46C-1974-4D80-B71D-0683E66AD9E2}.Debug_MBCS|Win32.Build.0 = Debug-Signed|x86
		{4DE8D46C-1974-4D80-B71D-0683E66AD9E2}.Debug_MBCS|x64.ActiveCfg = Debug-Signed|Any CPU
		{4DE8D46C-1974-4D80-B71D-0683E66AD9E2}.Debug_MBCS|x64.Build.0 = Debug-Signed|Any CPU
		{4DE8D46C-1974-4D80-B71D-0683E66AD9E2}.Debug_MBCS|x86.ActiveCfg = Debug-Signed|x86
		{4DE8D46C-1974-4D80-B71D-0683E66AD9E2}.Debug_MBCS|x86.Build.0 = Debug-Signed|x86
		{4DE8D46C-1974-4D80-B71D-0683E66AD9E2}.Debug|Any CPU.ActiveCfg = Debug|Any CPU
		{4DE8D46C-1974-4D80-B71D-0683E66AD9E2}.Debug|Any CPU.Build.0 = Debug|Any CPU
		{4DE8D46C-1974-4D80-B71D-0683E66AD9E2}.Debug|Win32.ActiveCfg = Debug|x86
		{4DE8D46C-1974-4D80-B71D-0683E66AD9E2}.Debug|Win32.Build.0 = Debug|x86
		{4DE8D46C-1974-4D80-B71D-0683E66AD9E2}.Debug|x64.ActiveCfg = Debug|Any CPU
		{4DE8D46C-1974-4D80-B71D-0683E66AD9E2}.Debug|x64.Build.0 = Debug|Any CPU
		{4DE8D46C-1974-4D80-B71D-0683E66AD9E2}.Debug|x86.ActiveCfg = Debug|x86
		{4DE8D46C-1974-4D80-B71D-0683E66AD9E2}.Debug|x86.Build.0 = Debug|x86
		{4DE8D46C-1974-4D80-B71D-0683E66AD9E2}.Debug-Unsigned|Any CPU.ActiveCfg = Debug-Signed|Any CPU
		{4DE8D46C-1974-4D80-B71D-0683E66AD9E2}.Debug-Unsigned|Any CPU.Build.0 = Debug-Signed|Any CPU
		{4DE8D46C-1974-4D80-B71D-0683E66AD9E2}.Debug-Unsigned|Win32.ActiveCfg = Debug-Signed|x86
		{4DE8D46C-1974-4D80-B71D-0683E66AD9E2}.Debug-Unsigned|Win32.Build.0 = Debug-Signed|x86
		{4DE8D46C-1974-4D80-B71D-0683E66AD9E2}.Debug-Unsigned|x64.ActiveCfg = Debug-Signed|Any CPU
		{4DE8D46C-1974-4D80-B71D-0683E66AD9E2}.Debug-Unsigned|x64.Build.0 = Debug-Signed|Any CPU
		{4DE8D46C-1974-4D80-B71D-0683E66AD9E2}.Debug-Unsigned|x86.ActiveCfg = Debug-Signed|x86
		{4DE8D46C-1974-4D80-B71D-0683E66AD9E2}.Debug-Unsigned|x86.Build.0 = Debug-Signed|x86
		{4DE8D46C-1974-4D80-B71D-0683E66AD9E2}.Release_MBCS|Any CPU.ActiveCfg = Release|Any CPU
		{4DE8D46C-1974-4D80-B71D-0683E66AD9E2}.Release_MBCS|Any CPU.Build.0 = Release|Any CPU
		{4DE8D46C-1974-4D80-B71D-0683E66AD9E2}.Release_MBCS|Win32.ActiveCfg = Release|x86
		{4DE8D46C-1974-4D80-B71D-0683E66AD9E2}.Release_MBCS|Win32.Build.0 = Release|x86
		{4DE8D46C-1974-4D80-B71D-0683E66AD9E2}.Release_MBCS|x64.ActiveCfg = Release|Any CPU
		{4DE8D46C-1974-4D80-B71D-0683E66AD9E2}.Release_MBCS|x64.Build.0 = Release|Any CPU
		{4DE8D46C-1974-4D80-B71D-0683E66AD9E2}.Release_MBCS|x86.ActiveCfg = Release|x86
		{4DE8D46C-1974-4D80-B71D-0683E66AD9E2}.Release_MBCS|x86.Build.0 = Release|x86
		{4DE8D46C-1974-4D80-B71D-0683E66AD9E2}.Release|Any CPU.ActiveCfg = Release|Any CPU
		{4DE8D46C-1974-4D80-B71D-0683E66AD9E2}.Release|Any CPU.Build.0 = Release|Any CPU
		{4DE8D46C-1974-4D80-B71D-0683E66AD9E2}.Release|Win32.ActiveCfg = Release|x86
		{4DE8D46C-1974-4D80-B71D-0683E66AD9E2}.Release|Win32.Build.0 = Release|x86
		{4DE8D46C-1974-4D80-B71D-0683E66AD9E2}.Release|x64.ActiveCfg = Release|Any CPU
		{4DE8D46C-1974-4D80-B71D-0683E66AD9E2}.Release|x64.Build.0 = Release|Any CPU
		{4DE8D46C-1974-4D80-B71D-0683E66AD9E2}.Release|x86.ActiveCfg = Release|x86
		{4DE8D46C-1974-4D80-B71D-0683E66AD9E2}.Release|x86.Build.0 = Release|x86
		{E8A3F6FA-AE1C-4C8E-A0B6-9C8480324EAA}.Debug_MBCS|Any CPU.ActiveCfg = Debug_MBCS|Win32
		{E8A3F6FA-AE1C-4C8E-A0B6-9C8480324EAA}.Debug_MBCS|Win32.ActiveCfg = Debug_MBCS|Win32
		{E8A3F6FA-AE1C-4C8E-A0B6-9C8480324EAA}.Debug_MBCS|Win32.Build.0 = Debug_MBCS|Win32
		{E8A3F6FA-AE1C-4C8E-A0B6-9C8480324EAA}.Debug_MBCS|x64.ActiveCfg = Debug_MBCS|x64
		{E8A3F6FA-AE1C-4C8E-A0B6-9C8480324EAA}.Debug_MBCS|x64.Build.0 = Debug_MBCS|x64
		{E8A3F6FA-AE1C-4C8E-A0B6-9C8480324EAA}.Debug_MBCS|x86.ActiveCfg = Debug_MBCS|Win32
		{E8A3F6FA-AE1C-4C8E-A0B6-9C8480324EAA}.Debug_MBCS|x86.Build.0 = Debug_MBCS|Win32
		{E8A3F6FA-AE1C-4C8E-A0B6-9C8480324EAA}.Debug|Any CPU.ActiveCfg = Debug|Win32
		{E8A3F6FA-AE1C-4C8E-A0B6-9C8480324EAA}.Debug|Win32.ActiveCfg = Debug|Win32
		{E8A3F6FA-AE1C-4C8E-A0B6-9C8480324EAA}.Debug|Win32.Build.0 = Debug|Win32
		{E8A3F6FA-AE1C-4C8E-A0B6-9C8480324EAA}.Debug|x64.ActiveCfg = Debug|x64
		{E8A3F6FA-AE1C-4C8E-A0B6-9C8480324EAA}.Debug|x64.Build.0 = Debug|x64
		{E8A3F6FA-AE1C-4C8E-A0B6-9C8480324EAA}.Debug|x86.ActiveCfg = Debug|Win32
		{E8A3F6FA-AE1C-4C8E-A0B6-9C8480324EAA}.Debug|x86.Build.0 = Debug|Win32
		{E8A3F6FA-AE1C-4C8E-A0B6-9C8480324EAA}.Debug-Unsigned|Any CPU.ActiveCfg = Release|x64
		{E8A3F6FA-AE1C-4C8E-A0B6-9C8480324EAA}.Debug-Unsigned|Any CPU.Build.0 = Release|x64
		{E8A3F6FA-AE1C-4C8E-A0B6-9C8480324EAA}.Debug-Unsigned|Win32.ActiveCfg = Debug_MBCS|Win32
		{E8A3F6FA-AE1C-4C8E-A0B6-9C8480324EAA}.Debug-Unsigned|Win32.Build.0 = Debug_MBCS|Win32
		{E8A3F6FA-AE1C-4C8E-A0B6-9C8480324EAA}.Debug-Unsigned|x64.ActiveCfg = Debug|x64
		{E8A3F6FA-AE1C-4C8E-A0B6-9C8480324EAA}.Debug-Unsigned|x64.Build.0 = Debug|x64
		{E8A3F6FA-AE1C-4C8E-A0B6-9C8480324EAA}.Debug-Unsigned|x86.ActiveCfg = Debug_MBCS|Win32
		{E8A3F6FA-AE1C-4C8E-A0B6-9C8480324EAA}.Debug-Unsigned|x86.Build.0 = Debug_MBCS|Win32
		{E8A3F6FA-AE1C-4C8E-A0B6-9C8480324EAA}.Release_MBCS|Any CPU.ActiveCfg = Release_MBCS|Win32
		{E8A3F6FA-AE1C-4C8E-A0B6-9C8480324EAA}.Release_MBCS|Win32.ActiveCfg = Release_MBCS|Win32
		{E8A3F6FA-AE1C-4C8E-A0B6-9C8480324EAA}.Release_MBCS|Win32.Build.0 = Release_MBCS|Win32
		{E8A3F6FA-AE1C-4C8E-A0B6-9C8480324EAA}.Release_MBCS|x64.ActiveCfg = Release_MBCS|x64
		{E8A3F6FA-AE1C-4C8E-A0B6-9C8480324EAA}.Release_MBCS|x64.Build.0 = Release_MBCS|x64
		{E8A3F6FA-AE1C-4C8E-A0B6-9C8480324EAA}.Release_MBCS|x86.ActiveCfg = Release_MBCS|Win32
		{E8A3F6FA-AE1C-4C8E-A0B6-9C8480324EAA}.Release_MBCS|x86.Build.0 = Release_MBCS|Win32
		{E8A3F6FA-AE1C-4C8E-A0B6-9C8480324EAA}.Release|Any CPU.ActiveCfg = Release|Win32
		{E8A3F6FA-AE1C-4C8E-A0B6-9C8480324EAA}.Release|Win32.ActiveCfg = Release|Win32
		{E8A3F6FA-AE1C-4C8E-A0B6-9C8480324EAA}.Release|Win32.Build.0 = Release|Win32
		{E8A3F6FA-AE1C-4C8E-A0B6-9C8480324EAA}.Release|x64.ActiveCfg = Release|x64
		{E8A3F6FA-AE1C-4C8E-A0B6-9C8480324EAA}.Release|x64.Build.0 = Release|x64
		{E8A3F6FA-AE1C-4C8E-A0B6-9C8480324EAA}.Release|x86.ActiveCfg = Release|Win32
		{E8A3F6FA-AE1C-4C8E-A0B6-9C8480324EAA}.Release|x86.Build.0 = Release|Win32
		{9741C328-0EDA-4C80-B8C5-1A7E9430ADFE}.Debug_MBCS|Any CPU.ActiveCfg = Release|x64
		{9741C328-0EDA-4C80-B8C5-1A7E9430ADFE}.Debug_MBCS|Any CPU.Build.0 = Release|x64
		{9741C328-0EDA-4C80-B8C5-1A7E9430ADFE}.Debug_MBCS|Win32.ActiveCfg = Debug|Win32
		{9741C328-0EDA-4C80-B8C5-1A7E9430ADFE}.Debug_MBCS|Win32.Build.0 = Debug|Win32
		{9741C328-0EDA-4C80-B8C5-1A7E9430ADFE}.Debug_MBCS|x64.ActiveCfg = Debug|x64
		{9741C328-0EDA-4C80-B8C5-1A7E9430ADFE}.Debug_MBCS|x64.Build.0 = Debug|x64
		{9741C328-0EDA-4C80-B8C5-1A7E9430ADFE}.Debug_MBCS|x86.ActiveCfg = Debug|Win32
		{9741C328-0EDA-4C80-B8C5-1A7E9430ADFE}.Debug_MBCS|x86.Build.0 = Debug|Win32
		{9741C328-0EDA-4C80-B8C5-1A7E9430ADFE}.Debug|Any CPU.ActiveCfg = Debug|Win32
		{9741C328-0EDA-4C80-B8C5-1A7E9430ADFE}.Debug|Win32.ActiveCfg = Debug|Win32
		{9741C328-0EDA-4C80-B8C5-1A7E9430ADFE}.Debug|Win32.Build.0 = Debug|Win32
		{9741C328-0EDA-4C80-B8C5-1A7E9430ADFE}.Debug|x64.ActiveCfg = Debug|x64
		{9741C328-0EDA-4C80-B8C5-1A7E9430ADFE}.Debug|x64.Build.0 = Debug|x64
		{9741C328-0EDA-4C80-B8C5-1A7E9430ADFE}.Debug|x86.ActiveCfg = Debug|Win32
		{9741C328-0EDA-4C80-B8C5-1A7E9430ADFE}.Debug|x86.Build.0 = Debug|Win32
		{9741C328-0EDA-4C80-B8C5-1A7E9430ADFE}.Debug-Unsigned|Any CPU.ActiveCfg = Release|x64
		{9741C328-0EDA-4C80-B8C5-1A7E9430ADFE}.Debug-Unsigned|Any CPU.Build.0 = Release|x64
		{9741C328-0EDA-4C80-B8C5-1A7E9430ADFE}.Debug-Unsigned|Win32.ActiveCfg = Debug|Win32
		{9741C328-0EDA-4C80-B8C5-1A7E9430ADFE}.Debug-Unsigned|Win32.Build.0 = Debug|Win32
		{9741C328-0EDA-4C80-B8C5-1A7E9430ADFE}.Debug-Unsigned|x64.ActiveCfg = Debug|x64
		{9741C328-0EDA-4C80-B8C5-1A7E9430ADFE}.Debug-Unsigned|x64.Build.0 = Debug|x64
		{9741C328-0EDA-4C80-B8C5-1A7E9430ADFE}.Debug-Unsigned|x86.ActiveCfg = Debug|Win32
		{9741C328-0EDA-4C80-B8C5-1A7E9430ADFE}.Debug-Unsigned|x86.Build.0 = Debug|Win32
		{9741C328-0EDA-4C80-B8C5-1A7E9430ADFE}.Release_MBCS|Any CPU.ActiveCfg = Release|x64
		{9741C328-0EDA-4C80-B8C5-1A7E9430ADFE}.Release_MBCS|Any CPU.Build.0 = Release|x64
		{9741C328-0EDA-4C80-B8C5-1A7E9430ADFE}.Release_MBCS|Win32.ActiveCfg = Release|Win32
		{9741C328-0EDA-4C80-B8C5-1A7E9430ADFE}.Release_MBCS|Win32.Build.0 = Release|Win32
		{9741C328-0EDA-4C80-B8C5-1A7E9430ADFE}.Release_MBCS|x64.ActiveCfg = Release|x64
		{9741C328-0EDA-4C80-B8C5-1A7E9430ADFE}.Release_MBCS|x64.Build.0 = Release|x64
		{9741C328-0EDA-4C80-B8C5-1A7E9430ADFE}.Release_MBCS|x86.ActiveCfg = Release|Win32
		{9741C328-0EDA-4C80-B8C5-1A7E9430ADFE}.Release_MBCS|x86.Build.0 = Release|Win32
		{9741C328-0EDA-4C80-B8C5-1A7E9430ADFE}.Release|Any CPU.ActiveCfg = Release|Win32
		{9741C328-0EDA-4C80-B8C5-1A7E9430ADFE}.Release|Win32.ActiveCfg = Release|Win32
		{9741C328-0EDA-4C80-B8C5-1A7E9430ADFE}.Release|Win32.Build.0 = Release|Win32
		{9741C328-0EDA-4C80-B8C5-1A7E9430ADFE}.Release|x64.ActiveCfg = Release|x64
		{9741C328-0EDA-4C80-B8C5-1A7E9430ADFE}.Release|x64.Build.0 = Release|x64
		{9741C328-0EDA-4C80-B8C5-1A7E9430ADFE}.Release|x86.ActiveCfg = Release|Win32
		{9741C328-0EDA-4C80-B8C5-1A7E9430ADFE}.Release|x86.Build.0 = Release|Win32
		{81E82933-FA0E-4ABA-8547-FC3F666F5BD2}.Debug_MBCS|Any CPU.ActiveCfg = Debug|Any CPU
		{81E82933-FA0E-4ABA-8547-FC3F666F5BD2}.Debug_MBCS|Any CPU.Build.0 = Debug|Any CPU
		{81E82933-FA0E-4ABA-8547-FC3F666F5BD2}.Debug_MBCS|Win32.ActiveCfg = Debug|Any CPU
		{81E82933-FA0E-4ABA-8547-FC3F666F5BD2}.Debug_MBCS|Win32.Build.0 = Debug|Any CPU
		{81E82933-FA0E-4ABA-8547-FC3F666F5BD2}.Debug_MBCS|x64.ActiveCfg = Debug|Any CPU
		{81E82933-FA0E-4ABA-8547-FC3F666F5BD2}.Debug_MBCS|x64.Build.0 = Debug|Any CPU
		{81E82933-FA0E-4ABA-8547-FC3F666F5BD2}.Debug_MBCS|x86.ActiveCfg = Debug|Any CPU
		{81E82933-FA0E-4ABA-8547-FC3F666F5BD2}.Debug_MBCS|x86.Build.0 = Debug|Any CPU
		{81E82933-FA0E-4ABA-8547-FC3F666F5BD2}.Debug|Any CPU.ActiveCfg = Debug|Any CPU
		{81E82933-FA0E-4ABA-8547-FC3F666F5BD2}.Debug|Any CPU.Build.0 = Debug|Any CPU
		{81E82933-FA0E-4ABA-8547-FC3F666F5BD2}.Debug|Win32.ActiveCfg = Debug|Any CPU
		{81E82933-FA0E-4ABA-8547-FC3F666F5BD2}.Debug|Win32.Build.0 = Debug|Any CPU
		{81E82933-FA0E-4ABA-8547-FC3F666F5BD2}.Debug|x64.ActiveCfg = Debug|Any CPU
		{81E82933-FA0E-4ABA-8547-FC3F666F5BD2}.Debug|x64.Build.0 = Debug|Any CPU
		{81E82933-FA0E-4ABA-8547-FC3F666F5BD2}.Debug|x86.ActiveCfg = Debug|Any CPU
		{81E82933-FA0E-4ABA-8547-FC3F666F5BD2}.Debug|x86.Build.0 = Debug|Any CPU
		{81E82933-FA0E-4ABA-8547-FC3F666F5BD2}.Debug-Unsigned|Any CPU.ActiveCfg = Debug|Any CPU
		{81E82933-FA0E-4ABA-8547-FC3F666F5BD2}.Debug-Unsigned|Any CPU.Build.0 = Debug|Any CPU
		{81E82933-FA0E-4ABA-8547-FC3F666F5BD2}.Debug-Unsigned|Win32.ActiveCfg = Debug|Any CPU
		{81E82933-FA0E-4ABA-8547-FC3F666F5BD2}.Debug-Unsigned|Win32.Build.0 = Debug|Any CPU
		{81E82933-FA0E-4ABA-8547-FC3F666F5BD2}.Debug-Unsigned|x64.ActiveCfg = Debug|Any CPU
		{81E82933-FA0E-4ABA-8547-FC3F666F5BD2}.Debug-Unsigned|x64.Build.0 = Debug|Any CPU
		{81E82933-FA0E-4ABA-8547-FC3F666F5BD2}.Debug-Unsigned|x86.ActiveCfg = Debug|Any CPU
		{81E82933-FA0E-4ABA-8547-FC3F666F5BD2}.Debug-Unsigned|x86.Build.0 = Debug|Any CPU
		{81E82933-FA0E-4ABA-8547-FC3F666F5BD2}.Release_MBCS|Any CPU.ActiveCfg = Release|Any CPU
		{81E82933-FA0E-4ABA-8547-FC3F666F5BD2}.Release_MBCS|Any CPU.Build.0 = Release|Any CPU
		{81E82933-FA0E-4ABA-8547-FC3F666F5BD2}.Release_MBCS|Win32.ActiveCfg = Release|Any CPU
		{81E82933-FA0E-4ABA-8547-FC3F666F5BD2}.Release_MBCS|Win32.Build.0 = Release|Any CPU
		{81E82933-FA0E-4ABA-8547-FC3F666F5BD2}.Release_MBCS|x64.ActiveCfg = Release|Any CPU
		{81E82933-FA0E-4ABA-8547-FC3F666F5BD2}.Release_MBCS|x64.Build.0 = Release|Any CPU
		{81E82933-FA0E-4ABA-8547-FC3F666F5BD2}.Release_MBCS|x86.ActiveCfg = Release|Any CPU
		{81E82933-FA0E-4ABA-8547-FC3F666F5BD2}.Release_MBCS|x86.Build.0 = Release|Any CPU
		{81E82933-FA0E-4ABA-8547-FC3F666F5BD2}.Release|Any CPU.ActiveCfg = Release|Any CPU
		{81E82933-FA0E-4ABA-8547-FC3F666F5BD2}.Release|Any CPU.Build.0 = Release|Any CPU
		{81E82933-FA0E-4ABA-8547-FC3F666F5BD2}.Release|Win32.ActiveCfg = Release|Any CPU
		{81E82933-FA0E-4ABA-8547-FC3F666F5BD2}.Release|Win32.Build.0 = Release|Any CPU
		{81E82933-FA0E-4ABA-8547-FC3F666F5BD2}.Release|x64.ActiveCfg = Release|Any CPU
		{81E82933-FA0E-4ABA-8547-FC3F666F5BD2}.Release|x64.Build.0 = Release|Any CPU
		{81E82933-FA0E-4ABA-8547-FC3F666F5BD2}.Release|x86.ActiveCfg = Release|Any CPU
		{81E82933-FA0E-4ABA-8547-FC3F666F5BD2}.Release|x86.Build.0 = Release|Any CPU
	EndGlobalSection
	GlobalSection(SolutionProperties) = preSolution
		HideSolutionNode = FALSE
	EndGlobalSection
	GlobalSection(NestedProjects) = preSolution
		{E8A3F6FA-AE1C-4C8E-A0B6-9C8480324EAA} = {A530DD35-1E15-48C6-91EA-9A8879523C15}
		{9741C328-0EDA-4C80-B8C5-1A7E9430ADFE} = {A530DD35-1E15-48C6-91EA-9A8879523C15}
	EndGlobalSection
	GlobalSection(ExtensibilityGlobals) = postSolution
		SolutionGuid = {103BE254-550F-4CCF-A581-3E45D3BC2D70}
	EndGlobalSection
EndGlobal
